
Microsoft Visual Studio Solution File, Format Version 12.00
Project("{FAE04EC0-301F-11D3-BF4B-00C04F79EFBC}") = "TesteRhex", "TesteRhex\TesteRhex.csproj", "{72D6C82D-BD78-401E-92CD-EFF5D158BF5B}"
EndProject
Global
	GlobalSection(SolutionConfigurationPlatforms) = preSolution
		Debug|Any CPU = Debug|Any CPU
		Release|Any CPU = Release|Any CPU
	EndGlobalSection
	GlobalSection(ProjectConfigurationPlatforms) = postSolution
		{72D6C82D-BD78-401E-92CD-EFF5D158BF5B}.Debug|Any CPU.ActiveCfg = Debug|Any CPU
		{72D6C82D-BD78-401E-92CD-EFF5D158BF5B}.Debug|Any CPU.Build.0 = Debug|Any CPU
		{72D6C82D-BD78-401E-92CD-EFF5D158BF5B}.Release|Any CPU.ActiveCfg = Release|Any CPU
		{72D6C82D-BD78-401E-92CD-EFF5D158BF5B}.Release|Any CPU.Build.0 = Release|Any CPU
	EndGlobalSection
EndGlobal
